// !$*UTF8*$!
{
	archiveVersion = 1;
	classes = {
	};
	objectVersion = 46;
	objects = {

/* Begin PBXBuildFile section */
		0403609117DFAEA90014D6D6 /* it-icon.png in Resources */ = {isa = PBXBuildFile; fileRef = 0403609017DFAEA90014D6D6 /* it-icon.png */; };
		040CA4E717EB8F36007B9076 /* HistoryViewController.xib in Resources */ = {isa = PBXBuildFile; fileRef = 040CA4E617EB8F36007B9076 /* HistoryViewController.xib */; };
		040CA4E917EDCDA0007B9076 /* ErrorViewController.xib in Resources */ = {isa = PBXBuildFile; fileRef = 040CA4E817EDCDA0007B9076 /* ErrorViewController.xib */; };
		040CA4F217EDED67007B9076 /* ITErrorView.m in Sources */ = {isa = PBXBuildFile; fileRef = 040CA4F117EDED67007B9076 /* ITErrorView.m */; };
		04162D2617DFC90A0086EFB0 /* NSData+Additions.m in Sources */ = {isa = PBXBuildFile; fileRef = 04162D2517DFC90A0086EFB0 /* NSData+Additions.m */; };
		042F07E316BC19DB00A0CE9E /* Cocoa.framework in Frameworks */ = {isa = PBXBuildFile; fileRef = 042F07E216BC19DB00A0CE9E /* Cocoa.framework */; };
		042F07ED16BC19DB00A0CE9E /* InfoPlist.strings in Resources */ = {isa = PBXBuildFile; fileRef = 042F07EB16BC19DB00A0CE9E /* InfoPlist.strings */; };
		042F07EF16BC19DB00A0CE9E /* main.m in Sources */ = {isa = PBXBuildFile; fileRef = 042F07EE16BC19DB00A0CE9E /* main.m */; };
		042F07F316BC19DB00A0CE9E /* Credits.rtf in Resources */ = {isa = PBXBuildFile; fileRef = 042F07F116BC19DB00A0CE9E /* Credits.rtf */; };
		042F07F616BC19DB00A0CE9E /* AppDelegate.m in Sources */ = {isa = PBXBuildFile; fileRef = 042F07F516BC19DB00A0CE9E /* AppDelegate.m */; };
		042F07F916BC19DB00A0CE9E /* MainMenu.xib in Resources */ = {isa = PBXBuildFile; fileRef = 042F07F716BC19DB00A0CE9E /* MainMenu.xib */; };
		042F080F16BD646000A0CE9E /* ITApi.m in Sources */ = {isa = PBXBuildFile; fileRef = 042F080A16BC1E4C00A0CE9E /* ITApi.m */; };
		042F081016BD646000A0CE9E /* ITVideo.m in Sources */ = {isa = PBXBuildFile; fileRef = 042F080C16BC1E4C00A0CE9E /* ITVideo.m */; };
		042F081116BD646000A0CE9E /* ITTVShow.m in Sources */ = {isa = PBXBuildFile; fileRef = 042F080E16BC1E4C00A0CE9E /* ITTVShow.m */; };
		042F081216BD649800A0CE9E /* EMKeychainItem.m in Sources */ = {isa = PBXBuildFile; fileRef = 042F080716BC1A5200A0CE9E /* EMKeychainItem.m */; };
		042F081416BD64C400A0CE9E /* ScriptingBridge.framework in Frameworks */ = {isa = PBXBuildFile; fileRef = 042F081316BD64C400A0CE9E /* ScriptingBridge.framework */; };
		042F081616BD64ED00A0CE9E /* Security.framework in Frameworks */ = {isa = PBXBuildFile; fileRef = 042F081516BD64ED00A0CE9E /* Security.framework */; };
		0437203316CEF3ED003B8AB6 /* icon.icns in Resources */ = {isa = PBXBuildFile; fileRef = 0437203216CEF3ED003B8AB6 /* icon.icns */; };
		0437204316CEF823003B8AB6 /* menuicon.png in Resources */ = {isa = PBXBuildFile; fileRef = 0437204216CEF823003B8AB6 /* menuicon.png */; };
		043942A817D00499009C160F /* clock_32x32.png in Resources */ = {isa = PBXBuildFile; fileRef = 043942A617D00499009C160F /* clock_32x32.png */; };
		043942A917D00499009C160F /* eye_32x24.png in Resources */ = {isa = PBXBuildFile; fileRef = 043942A717D00499009C160F /* eye_32x24.png */; };
		043942B417D076F2009C160F /* Localizable.strings in Resources */ = {isa = PBXBuildFile; fileRef = 043942B617D076F2009C160F /* Localizable.strings */; };
		043942BF17D07B92009C160F /* Localizable.strings in Resources */ = {isa = PBXBuildFile; fileRef = 043942BD17D07B92009C160F /* Localizable.strings */; };
		043942C517D07D74009C160F /* MainWindowController.xib in Resources */ = {isa = PBXBuildFile; fileRef = 043942C317D07D74009C160F /* MainWindowController.xib */; };
		0441839517D0DA5200F9FCA2 /* trakttv.png in Resources */ = {isa = PBXBuildFile; fileRef = 0441839417D0DA5200F9FCA2 /* trakttv.png */; };
		0441839717D0DA9D00F9FCA2 /* trakttv_pressed.png in Resources */ = {isa = PBXBuildFile; fileRef = 0441839617D0DA9D00F9FCA2 /* trakttv_pressed.png */; };
		0441839D17D0EDB800F9FCA2 /* ITEpisodeScreen.m in Sources */ = {isa = PBXBuildFile; fileRef = 0441839C17D0EDB800F9FCA2 /* ITEpisodeScreen.m */; };
		0446E06D17385349008BC1EB /* Sparkle.framework in Frameworks */ = {isa = PBXBuildFile; fileRef = 04714E7F16D2DEC000A308F7 /* Sparkle.framework */; };
		044AC42817F0DAF30045D281 /* ITTableGroupDateCellView.m in Sources */ = {isa = PBXBuildFile; fileRef = 044AC42717F0DAF30045D281 /* ITTableGroupDateCellView.m */; };
		045235A416CA9069005D25E4 /* MASPreferencesWindow.xib in Resources */ = {isa = PBXBuildFile; fileRef = 0481386416CA8BF400E682A0 /* MASPreferencesWindow.xib */; };
		0469CC0016CBE010006863B7 /* IMDB.m in Sources */ = {isa = PBXBuildFile; fileRef = 0469CBFF16CBE010006863B7 /* IMDB.m */; };
		0469CC1616CBF19F006863B7 /* NSString+Helper.m in Sources */ = {isa = PBXBuildFile; fileRef = 0469CC0416CBF19F006863B7 /* NSString+Helper.m */; };
		0469CC1716CBF19F006863B7 /* iTVDb.podspec in Resources */ = {isa = PBXBuildFile; fileRef = 0469CC0616CBF19F006863B7 /* iTVDb.podspec */; };
		0469CC1816CBF19F006863B7 /* LICENSE in Resources */ = {isa = PBXBuildFile; fileRef = 0469CC0716CBF19F006863B7 /* LICENSE */; };
		0469CC1916CBF19F006863B7 /* README.md in Resources */ = {isa = PBXBuildFile; fileRef = 0469CC0816CBF19F006863B7 /* README.md */; };
		0469CC1A16CBF19F006863B7 /* TVDbClient.m in Sources */ = {isa = PBXBuildFile; fileRef = 0469CC0A16CBF19F006863B7 /* TVDbClient.m */; };
		0469CC1B16CBF19F006863B7 /* TVDbEpisode.m in Sources */ = {isa = PBXBuildFile; fileRef = 0469CC0C16CBF19F006863B7 /* TVDbEpisode.m */; };
		0469CC1C16CBF19F006863B7 /* TVDbImage.m in Sources */ = {isa = PBXBuildFile; fileRef = 0469CC0E16CBF19F006863B7 /* TVDbImage.m */; };
		0469CC1D16CBF19F006863B7 /* TVDbShow.m in Sources */ = {isa = PBXBuildFile; fileRef = 0469CC1016CBF19F006863B7 /* TVDbShow.m */; };
		0469CC1E16CBF19F006863B7 /* TVDbUpdater.m in Sources */ = {isa = PBXBuildFile; fileRef = 0469CC1216CBF19F006863B7 /* TVDbUpdater.m */; };
		0469CC1F16CBF19F006863B7 /* XMLReader.m in Sources */ = {isa = PBXBuildFile; fileRef = 0469CC1516CBF19F006863B7 /* XMLReader.m */; };
		0469CC2216CD8CEA006863B7 /* ITTVdb.m in Sources */ = {isa = PBXBuildFile; fileRef = 0469CC2116CD8CEA006863B7 /* ITTVdb.m */; };
		046C9BBA16C159BA0003AD64 /* ITLibrary.m in Sources */ = {isa = PBXBuildFile; fileRef = 046C9BB916C159BA0003AD64 /* ITLibrary.m */; };
		046C9BD116C1685B0003AD64 /* libsqlite3.dylib in Frameworks */ = {isa = PBXBuildFile; fileRef = 046C9BD016C1685B0003AD64 /* libsqlite3.dylib */; };
		046C9BD316C168880003AD64 /* FMDatabase.m in Sources */ = {isa = PBXBuildFile; fileRef = 046C9BC216C166AE0003AD64 /* FMDatabase.m */; };
		046C9BD516C168880003AD64 /* FMDatabaseAdditions.m in Sources */ = {isa = PBXBuildFile; fileRef = 046C9BC416C166AE0003AD64 /* FMDatabaseAdditions.m */; };
		046C9BD716C168880003AD64 /* FMDatabasePool.m in Sources */ = {isa = PBXBuildFile; fileRef = 046C9BC616C166AE0003AD64 /* FMDatabasePool.m */; };
		046C9BD916C168880003AD64 /* FMDatabaseQueue.m in Sources */ = {isa = PBXBuildFile; fileRef = 046C9BC816C166AE0003AD64 /* FMDatabaseQueue.m */; };
		046C9BDB16C168880003AD64 /* FMResultSet.m in Sources */ = {isa = PBXBuildFile; fileRef = 046C9BCB16C166AE0003AD64 /* FMResultSet.m */; };
		046C9BDC16C16F490003AD64 /* iTraktor.db in Resources */ = {isa = PBXBuildFile; fileRef = 046C9BCF16C167B80003AD64 /* iTraktor.db */; };
		04714E2816D2C59900A308F7 /* ITConfig.m in Sources */ = {isa = PBXBuildFile; fileRef = 04714E2716D2C59900A308F7 /* ITConfig.m */; };
		04714E8116D2DEC500A308F7 /* Sparkle.framework in CopyFiles */ = {isa = PBXBuildFile; fileRef = 04714E7F16D2DEC000A308F7 /* Sparkle.framework */; };
		047D985417D67285002E97B8 /* ITTableRowGroupView.m in Sources */ = {isa = PBXBuildFile; fileRef = 047D985317D67285002E97B8 /* ITTableRowGroupView.m */; };
		047D985817D67ED7002E97B8 /* ProgressWindowController.m in Sources */ = {isa = PBXBuildFile; fileRef = 047D985617D67ED7002E97B8 /* ProgressWindowController.m */; };
		047D985917D67ED7002E97B8 /* ProgressWindowController.xib in Resources */ = {isa = PBXBuildFile; fileRef = 047D985717D67ED7002E97B8 /* ProgressWindowController.xib */; };
		0481386A16CA8C6000E682A0 /* PrefIndexViewController.m in Sources */ = {isa = PBXBuildFile; fileRef = 0481386916CA8C6000E682A0 /* PrefIndexViewController.m */; };
		0481386B16CA8DA100E682A0 /* MASPreferencesWindowController.m in Sources */ = {isa = PBXBuildFile; fileRef = 0481386616CA8BF400E682A0 /* MASPreferencesWindowController.m */; };
		0481386D16CA8DB300E682A0 /* PrefIndexViewController.xib in Resources */ = {isa = PBXBuildFile; fileRef = 0481386C16CA8DB300E682A0 /* PrefIndexViewController.xib */; };
		048DF1F616DEBF55004B064A /* PrefSyncViewController.m in Sources */ = {isa = PBXBuildFile; fileRef = 048DF1F516DEBF54004B064A /* PrefSyncViewController.m */; };
		048DF1F816DEC3ED004B064A /* PrefSyncViewController.xib in Resources */ = {isa = PBXBuildFile; fileRef = 048DF1F716DEC3ED004B064A /* PrefSyncViewController.xib */; };
		048DF1FA16DECC6B004B064A /* PrefUpdateViewController.h in Resources */ = {isa = PBXBuildFile; fileRef = 048DF1F916DECC6B004B064A /* PrefUpdateViewController.h */; };
		048DF1FC16DECC99004B064A /* PrefUpdateViewController.m in Sources */ = {isa = PBXBuildFile; fileRef = 048DF1FB16DECC99004B064A /* PrefUpdateViewController.m */; };
		048DF1FE16DECD14004B064A /* PrefUpdateViewController.xib in Resources */ = {isa = PBXBuildFile; fileRef = 048DF1FD16DECD14004B064A /* PrefUpdateViewController.xib */; };
		048DF20116DFEE69004B064A /* ITNotification.m in Sources */ = {isa = PBXBuildFile; fileRef = 048DF20016DFEE69004B064A /* ITNotification.m */; };
		048DF20316DFF64A004B064A /* Growl.framework in Frameworks */ = {isa = PBXBuildFile; fileRef = 048DF20216DFF64A004B064A /* Growl.framework */; };
		048DF20416DFF676004B064A /* Growl.framework in CopyFiles */ = {isa = PBXBuildFile; fileRef = 048DF20216DFF64A004B064A /* Growl.framework */; };
		048DF20616DFF6DD004B064A /* Growl Registration Ticket.growlRegDict in Resources */ = {isa = PBXBuildFile; fileRef = 048DF20516DFF6DD004B064A /* Growl Registration Ticket.growlRegDict */; };
		048DF20A16DFFF17004B064A /* sync.png in Resources */ = {isa = PBXBuildFile; fileRef = 048DF20916DFFF17004B064A /* sync.png */; };
		049ACB0916C2AD43007F103C /* CFNetwork.framework in Frameworks */ = {isa = PBXBuildFile; fileRef = 049ACB0816C2AD43007F103C /* CFNetwork.framework */; };
		049C48BE16C0223B00CC9A0E /* ITMovie.m in Sources */ = {isa = PBXBuildFile; fileRef = 049C48BD16C0223B00CC9A0E /* ITMovie.m */; };
		04A9FE5017B43A69006CD129 /* ITMoviePoster.m in Sources */ = {isa = PBXBuildFile; fileRef = 04A9FE4F17B43A69006CD129 /* ITMoviePoster.m */; };
		04A9FE5317B43E0C006CD129 /* NSImage+MGCropExtensions.m in Sources */ = {isa = PBXBuildFile; fileRef = 04A9FE5217B43E0C006CD129 /* NSImage+MGCropExtensions.m */; };
		04A9FE5617B448C7006CD129 /* ITUtil.m in Sources */ = {isa = PBXBuildFile; fileRef = 04A9FE5517B448C7006CD129 /* ITUtil.m */; };
		04AB5F1F17C56A3200A2B1AC /* ITHistoryTableCellView.m in Sources */ = {isa = PBXBuildFile; fileRef = 04AB5F1E17C56A3200A2B1AC /* ITHistoryTableCellView.m */; };
		04AB88D317A70F270086D5CD /* ITHistoryView.m in Sources */ = {isa = PBXBuildFile; fileRef = 04AB88D217A70F270086D5CD /* ITHistoryView.m */; };
		04B5BE7317D5266F001F0705 /* ITErrors.m in Sources */ = {isa = PBXBuildFile; fileRef = 04B5BE7217D5266F001F0705 /* ITErrors.m */; };
		04B5BE7617D53081001F0705 /* ITErrorTableCellView.m in Sources */ = {isa = PBXBuildFile; fileRef = 04B5BE7517D53081001F0705 /* ITErrorTableCellView.m */; };
		04B5BE7817D53644001F0705 /* error.png in Resources */ = {isa = PBXBuildFile; fileRef = 04B5BE7717D53644001F0705 /* error.png */; };
		04B5BE7B17D5401B001F0705 /* ITToolbar.m in Sources */ = {isa = PBXBuildFile; fileRef = 04B5BE7A17D5401B001F0705 /* ITToolbar.m */; };
		04B68C9F17A55E63006760D0 /* config.plist in Resources */ = {isa = PBXBuildFile; fileRef = 04B68C9D17A55E63006760D0 /* config.plist */; };
		04B68CA017A55E63006760D0 /* dsa_pub.pem in Resources */ = {isa = PBXBuildFile; fileRef = 04B68C9E17A55E63006760D0 /* dsa_pub.pem */; };
		04B68CA917A5600D006760D0 /* MainWindowController.m in Sources */ = {isa = PBXBuildFile; fileRef = 04B68CA717A5600D006760D0 /* MainWindowController.m */; };
		04B68CB317A56E20006760D0 /* PXSourceList.m in Sources */ = {isa = PBXBuildFile; fileRef = 04B68CB017A56E20006760D0 /* PXSourceList.m */; };
		04B68CBA17A57351006760D0 /* SourceListItem.m in Sources */ = {isa = PBXBuildFile; fileRef = 04B68CB617A56F60006760D0 /* SourceListItem.m */; };
		04B68CEC17A5BE65006760D0 /* HttpClientHelper.m in Sources */ = {isa = PBXBuildFile; fileRef = 04B68CD017A5BE65006760D0 /* HttpClientHelper.m */; };
		04B68CED17A5BE65006760D0 /* BaseRequest.m in Sources */ = {isa = PBXBuildFile; fileRef = 04B68CD317A5BE65006760D0 /* BaseRequest.m */; };
		04B68CEE17A5BE65006760D0 /* BodyRequest.m in Sources */ = {isa = PBXBuildFile; fileRef = 04B68CD517A5BE65006760D0 /* BodyRequest.m */; };
		04B68CEF17A5BE65006760D0 /* MultipartRequest.m in Sources */ = {isa = PBXBuildFile; fileRef = 04B68CD717A5BE65006760D0 /* MultipartRequest.m */; };
		04B68CF017A5BE65006760D0 /* SimpleRequest.m in Sources */ = {isa = PBXBuildFile; fileRef = 04B68CD917A5BE65006760D0 /* SimpleRequest.m */; };
		04B68CF117A5BE65006760D0 /* HttpRequest.m in Sources */ = {isa = PBXBuildFile; fileRef = 04B68CDB17A5BE65006760D0 /* HttpRequest.m */; };
		04B68CF217A5BE65006760D0 /* HttpRequestWithBody.m in Sources */ = {isa = PBXBuildFile; fileRef = 04B68CDD17A5BE65006760D0 /* HttpRequestWithBody.m */; };
		04B68CF317A5BE65006760D0 /* HttpBinaryResponse.m in Sources */ = {isa = PBXBuildFile; fileRef = 04B68CE017A5BE65006760D0 /* HttpBinaryResponse.m */; };
		04B68CF417A5BE65006760D0 /* HttpJsonResponse.m in Sources */ = {isa = PBXBuildFile; fileRef = 04B68CE217A5BE65006760D0 /* HttpJsonResponse.m */; };
		04B68CF517A5BE65006760D0 /* HttpResponse.m in Sources */ = {isa = PBXBuildFile; fileRef = 04B68CE417A5BE65006760D0 /* HttpResponse.m */; };
		04B68CF617A5BE65006760D0 /* HttpStringResponse.m in Sources */ = {isa = PBXBuildFile; fileRef = 04B68CE617A5BE65006760D0 /* HttpStringResponse.m */; };
		04B68CF717A5BE65006760D0 /* JsonNode.m in Sources */ = {isa = PBXBuildFile; fileRef = 04B68CE817A5BE65006760D0 /* JsonNode.m */; };
		04B68CF817A5BE65006760D0 /* Unirest.m in Sources */ = {isa = PBXBuildFile; fileRef = 04B68CEB17A5BE65006760D0 /* Unirest.m */; };
		04BCC5E417B03DBB00D8DE7A /* ITHistory.m in Sources */ = {isa = PBXBuildFile; fileRef = 04BCC5E317B03DBB00D8DE7A /* ITHistory.m */; };
		04BCC5EF17B1879300D8DE7A /* ITDb.m in Sources */ = {isa = PBXBuildFile; fileRef = 04BCC5EE17B1879300D8DE7A /* ITDb.m */; };
		04BCC5F217B1885A00D8DE7A /* ITConstants.m in Sources */ = {isa = PBXBuildFile; fileRef = 04BCC5F117B1885A00D8DE7A /* ITConstants.m */; };
		04D74BB617C7AC5700B135BF /* ITTableRowView.m in Sources */ = {isa = PBXBuildFile; fileRef = 04D74BB517C7AC5700B135BF /* ITTableRowView.m */; };
		04D74BC217CA9FB800B135BF /* CoreServices.framework in Frameworks */ = {isa = PBXBuildFile; fileRef = 04D74BC117CA9FB800B135BF /* CoreServices.framework */; };
		04D74BC417CAB18B00B135BF /* movies.png in Resources */ = {isa = PBXBuildFile; fileRef = 04D74BC317CAB18B00B135BF /* movies.png */; };
		04D74BC717CB49FE00B135BF /* ITTVShowPoster.m in Sources */ = {isa = PBXBuildFile; fileRef = 04D74BC617CB49FE00B135BF /* ITTVShowPoster.m */; };
		04D74BCA17CBA18C00B135BF /* ITSync.m in Sources */ = {isa = PBXBuildFile; fileRef = 04D74BC917CBA18B00B135BF /* ITSync.m */; };
		04FE3AE517D8BBF200497DAD /* SystemConfiguration.framework in Frameworks */ = {isa = PBXBuildFile; fileRef = 04FE3AE417D8BBF200497DAD /* SystemConfiguration.framework */; };
/* End PBXBuildFile section */

/* Begin PBXCopyFilesBuildPhase section */
		04714E5F16D2D3D600A308F7 /* CopyFiles */ = {
			isa = PBXCopyFilesBuildPhase;
			buildActionMask = 12;
			dstPath = "";
			dstSubfolderSpec = 10;
			files = (
				04714E8116D2DEC500A308F7 /* Sparkle.framework in CopyFiles */,
				048DF20416DFF676004B064A /* Growl.framework in CopyFiles */,
			);
			runOnlyForDeploymentPostprocessing = 0;
		};
/* End PBXCopyFilesBuildPhase section */

/* Begin PBXFileReference section */
		0403609017DFAEA90014D6D6 /* it-icon.png */ = {isa = PBXFileReference; lastKnownFileType = image.png; path = "it-icon.png"; sourceTree = "<group>"; };
		040CA4E617EB8F36007B9076 /* HistoryViewController.xib */ = {isa = PBXFileReference; fileEncoding = 4; lastKnownFileType = file.xib; path = HistoryViewController.xib; sourceTree = "<group>"; };
		040CA4E817EDCDA0007B9076 /* ErrorViewController.xib */ = {isa = PBXFileReference; fileEncoding = 4; lastKnownFileType = file.xib; path = ErrorViewController.xib; sourceTree = "<group>"; };
		040CA4F017EDED67007B9076 /* ITErrorView.h */ = {isa = PBXFileReference; fileEncoding = 4; lastKnownFileType = sourcecode.c.h; path = ITErrorView.h; sourceTree = "<group>"; };
		040CA4F117EDED67007B9076 /* ITErrorView.m */ = {isa = PBXFileReference; fileEncoding = 4; lastKnownFileType = sourcecode.c.objc; path = ITErrorView.m; sourceTree = "<group>"; };
		04162D2417DFC90A0086EFB0 /* NSData+Additions.h */ = {isa = PBXFileReference; fileEncoding = 4; lastKnownFileType = sourcecode.c.h; path = "NSData+Additions.h"; sourceTree = "<group>"; };
		04162D2517DFC90A0086EFB0 /* NSData+Additions.m */ = {isa = PBXFileReference; fileEncoding = 4; lastKnownFileType = sourcecode.c.objc; path = "NSData+Additions.m"; sourceTree = "<group>"; };
		042F07DE16BC19DB00A0CE9E /* Traktable.app */ = {isa = PBXFileReference; explicitFileType = wrapper.application; includeInIndex = 0; path = Traktable.app; sourceTree = BUILT_PRODUCTS_DIR; };
		042F07E216BC19DB00A0CE9E /* Cocoa.framework */ = {isa = PBXFileReference; lastKnownFileType = wrapper.framework; name = Cocoa.framework; path = System/Library/Frameworks/Cocoa.framework; sourceTree = SDKROOT; };
		042F07E516BC19DB00A0CE9E /* AppKit.framework */ = {isa = PBXFileReference; lastKnownFileType = wrapper.framework; name = AppKit.framework; path = System/Library/Frameworks/AppKit.framework; sourceTree = SDKROOT; };
		042F07E616BC19DB00A0CE9E /* CoreData.framework */ = {isa = PBXFileReference; lastKnownFileType = wrapper.framework; name = CoreData.framework; path = System/Library/Frameworks/CoreData.framework; sourceTree = SDKROOT; };
		042F07E716BC19DB00A0CE9E /* Foundation.framework */ = {isa = PBXFileReference; lastKnownFileType = wrapper.framework; name = Foundation.framework; path = System/Library/Frameworks/Foundation.framework; sourceTree = SDKROOT; };
		042F07EA16BC19DB00A0CE9E /* Traktable-Info.plist */ = {isa = PBXFileReference; lastKnownFileType = text.plist.xml; path = "Traktable-Info.plist"; sourceTree = "<group>"; };
		042F07EC16BC19DB00A0CE9E /* en */ = {isa = PBXFileReference; lastKnownFileType = text.plist.strings; name = en; path = en.lproj/InfoPlist.strings; sourceTree = "<group>"; };
		042F07EE16BC19DB00A0CE9E /* main.m */ = {isa = PBXFileReference; lastKnownFileType = sourcecode.c.objc; path = main.m; sourceTree = "<group>"; };
		042F07F016BC19DB00A0CE9E /* Traktable-Prefix.pch */ = {isa = PBXFileReference; lastKnownFileType = sourcecode.c.h; path = "Traktable-Prefix.pch"; sourceTree = "<group>"; };
		042F07F216BC19DB00A0CE9E /* en */ = {isa = PBXFileReference; lastKnownFileType = text.rtf; name = en; path = en.lproj/Credits.rtf; sourceTree = "<group>"; };
		042F07F416BC19DB00A0CE9E /* AppDelegate.h */ = {isa = PBXFileReference; lastKnownFileType = sourcecode.c.h; path = AppDelegate.h; sourceTree = "<group>"; };
		042F07F516BC19DB00A0CE9E /* AppDelegate.m */ = {isa = PBXFileReference; lastKnownFileType = sourcecode.c.objc; path = AppDelegate.m; sourceTree = "<group>"; };
		042F07F816BC19DB00A0CE9E /* en */ = {isa = PBXFileReference; lastKnownFileType = file.xib; name = en; path = en.lproj/MainMenu.xib; sourceTree = "<group>"; };
		042F080516BC1A3B00A0CE9E /* iTunes.h */ = {isa = PBXFileReference; lastKnownFileType = sourcecode.c.h; path = iTunes.h; sourceTree = "<group>"; };
		042F080616BC1A5200A0CE9E /* EMKeychainItem.h */ = {isa = PBXFileReference; lastKnownFileType = sourcecode.c.h; path = EMKeychainItem.h; sourceTree = "<group>"; };
		042F080716BC1A5200A0CE9E /* EMKeychainItem.m */ = {isa = PBXFileReference; lastKnownFileType = sourcecode.c.objc; path = EMKeychainItem.m; sourceTree = "<group>"; };
		042F080916BC1E4C00A0CE9E /* ITApi.h */ = {isa = PBXFileReference; lastKnownFileType = sourcecode.c.h; path = ITApi.h; sourceTree = "<group>"; };
		042F080A16BC1E4C00A0CE9E /* ITApi.m */ = {isa = PBXFileReference; lastKnownFileType = sourcecode.c.objc; path = ITApi.m; sourceTree = "<group>"; };
		042F080B16BC1E4C00A0CE9E /* ITVideo.h */ = {isa = PBXFileReference; lastKnownFileType = sourcecode.c.h; path = ITVideo.h; sourceTree = "<group>"; };
		042F080C16BC1E4C00A0CE9E /* ITVideo.m */ = {isa = PBXFileReference; lastKnownFileType = sourcecode.c.objc; path = ITVideo.m; sourceTree = "<group>"; };
		042F080D16BC1E4C00A0CE9E /* ITTVShow.h */ = {isa = PBXFileReference; lastKnownFileType = sourcecode.c.h; path = ITTVShow.h; sourceTree = "<group>"; };
		042F080E16BC1E4C00A0CE9E /* ITTVShow.m */ = {isa = PBXFileReference; lastKnownFileType = sourcecode.c.objc; path = ITTVShow.m; sourceTree = "<group>"; };
		042F081316BD64C400A0CE9E /* ScriptingBridge.framework */ = {isa = PBXFileReference; lastKnownFileType = wrapper.framework; name = ScriptingBridge.framework; path = System/Library/Frameworks/ScriptingBridge.framework; sourceTree = SDKROOT; };
		042F081516BD64ED00A0CE9E /* Security.framework */ = {isa = PBXFileReference; lastKnownFileType = wrapper.framework; name = Security.framework; path = System/Library/Frameworks/Security.framework; sourceTree = SDKROOT; };
		0437203216CEF3ED003B8AB6 /* icon.icns */ = {isa = PBXFileReference; lastKnownFileType = image.icns; path = icon.icns; sourceTree = "<group>"; };
		0437204216CEF823003B8AB6 /* menuicon.png */ = {isa = PBXFileReference; lastKnownFileType = image.png; path = menuicon.png; sourceTree = "<group>"; };
		043942A617D00499009C160F /* clock_32x32.png */ = {isa = PBXFileReference; lastKnownFileType = image.png; path = clock_32x32.png; sourceTree = "<group>"; };
		043942A717D00499009C160F /* eye_32x24.png */ = {isa = PBXFileReference; lastKnownFileType = image.png; path = eye_32x24.png; sourceTree = "<group>"; };
		043942B517D076F2009C160F /* en */ = {isa = PBXFileReference; lastKnownFileType = text.plist.strings; name = en; path = en.lproj/Localizable.strings; sourceTree = "<group>"; };
		043942BE17D07B92009C160F /* nl */ = {isa = PBXFileReference; lastKnownFileType = text.plist.strings; name = nl; path = Localizable.strings; sourceTree = "<group>"; };
		043942C417D07D74009C160F /* en */ = {isa = PBXFileReference; lastKnownFileType = file.xib; name = en; path = en.lproj/MainWindowController.xib; sourceTree = "<group>"; };
		0441839417D0DA5200F9FCA2 /* trakttv.png */ = {isa = PBXFileReference; lastKnownFileType = image.png; path = trakttv.png; sourceTree = "<group>"; };
		0441839617D0DA9D00F9FCA2 /* trakttv_pressed.png */ = {isa = PBXFileReference; lastKnownFileType = image.png; path = trakttv_pressed.png; sourceTree = "<group>"; };
		0441839B17D0EDB800F9FCA2 /* ITEpisodeScreen.h */ = {isa = PBXFileReference; fileEncoding = 4; lastKnownFileType = sourcecode.c.h; path = ITEpisodeScreen.h; sourceTree = "<group>"; };
		0441839C17D0EDB800F9FCA2 /* ITEpisodeScreen.m */ = {isa = PBXFileReference; fileEncoding = 4; lastKnownFileType = sourcecode.c.objc; path = ITEpisodeScreen.m; sourceTree = "<group>"; };
		044AC42617F0DAF30045D281 /* ITTableGroupDateCellView.h */ = {isa = PBXFileReference; fileEncoding = 4; lastKnownFileType = sourcecode.c.h; path = ITTableGroupDateCellView.h; sourceTree = "<group>"; };
		044AC42717F0DAF30045D281 /* ITTableGroupDateCellView.m */ = {isa = PBXFileReference; fileEncoding = 4; lastKnownFileType = sourcecode.c.objc; path = ITTableGroupDateCellView.m; sourceTree = "<group>"; };
		0469CBFE16CBE010006863B7 /* IMDB.h */ = {isa = PBXFileReference; fileEncoding = 4; lastKnownFileType = sourcecode.c.h; path = IMDB.h; sourceTree = "<group>"; };
		0469CBFF16CBE010006863B7 /* IMDB.m */ = {isa = PBXFileReference; fileEncoding = 4; lastKnownFileType = sourcecode.c.objc; path = IMDB.m; sourceTree = "<group>"; };
		0469CC0316CBF19F006863B7 /* NSString+Helper.h */ = {isa = PBXFileReference; fileEncoding = 4; lastKnownFileType = sourcecode.c.h; path = "NSString+Helper.h"; sourceTree = "<group>"; };
		0469CC0416CBF19F006863B7 /* NSString+Helper.m */ = {isa = PBXFileReference; fileEncoding = 4; lastKnownFileType = sourcecode.c.objc; path = "NSString+Helper.m"; sourceTree = "<group>"; };
		0469CC0516CBF19F006863B7 /* iTVDb.h */ = {isa = PBXFileReference; fileEncoding = 4; lastKnownFileType = sourcecode.c.h; path = iTVDb.h; sourceTree = "<group>"; };
		0469CC0616CBF19F006863B7 /* iTVDb.podspec */ = {isa = PBXFileReference; fileEncoding = 4; lastKnownFileType = text; path = iTVDb.podspec; sourceTree = "<group>"; };
		0469CC0716CBF19F006863B7 /* LICENSE */ = {isa = PBXFileReference; fileEncoding = 4; lastKnownFileType = text; path = LICENSE; sourceTree = "<group>"; };
		0469CC0816CBF19F006863B7 /* README.md */ = {isa = PBXFileReference; fileEncoding = 4; lastKnownFileType = text; path = README.md; sourceTree = "<group>"; };
		0469CC0916CBF19F006863B7 /* TVDbClient.h */ = {isa = PBXFileReference; fileEncoding = 4; lastKnownFileType = sourcecode.c.h; path = TVDbClient.h; sourceTree = "<group>"; };
		0469CC0A16CBF19F006863B7 /* TVDbClient.m */ = {isa = PBXFileReference; fileEncoding = 4; lastKnownFileType = sourcecode.c.objc; path = TVDbClient.m; sourceTree = "<group>"; };
		0469CC0B16CBF19F006863B7 /* TVDbEpisode.h */ = {isa = PBXFileReference; fileEncoding = 4; lastKnownFileType = sourcecode.c.h; path = TVDbEpisode.h; sourceTree = "<group>"; };
		0469CC0C16CBF19F006863B7 /* TVDbEpisode.m */ = {isa = PBXFileReference; fileEncoding = 4; lastKnownFileType = sourcecode.c.objc; path = TVDbEpisode.m; sourceTree = "<group>"; };
		0469CC0D16CBF19F006863B7 /* TVDbImage.h */ = {isa = PBXFileReference; fileEncoding = 4; lastKnownFileType = sourcecode.c.h; path = TVDbImage.h; sourceTree = "<group>"; };
		0469CC0E16CBF19F006863B7 /* TVDbImage.m */ = {isa = PBXFileReference; fileEncoding = 4; lastKnownFileType = sourcecode.c.objc; path = TVDbImage.m; sourceTree = "<group>"; };
		0469CC0F16CBF19F006863B7 /* TVDbShow.h */ = {isa = PBXFileReference; fileEncoding = 4; lastKnownFileType = sourcecode.c.h; path = TVDbShow.h; sourceTree = "<group>"; };
		0469CC1016CBF19F006863B7 /* TVDbShow.m */ = {isa = PBXFileReference; fileEncoding = 4; lastKnownFileType = sourcecode.c.objc; path = TVDbShow.m; sourceTree = "<group>"; };
		0469CC1116CBF19F006863B7 /* TVDbUpdater.h */ = {isa = PBXFileReference; fileEncoding = 4; lastKnownFileType = sourcecode.c.h; path = TVDbUpdater.h; sourceTree = "<group>"; };
		0469CC1216CBF19F006863B7 /* TVDbUpdater.m */ = {isa = PBXFileReference; fileEncoding = 4; lastKnownFileType = sourcecode.c.objc; path = TVDbUpdater.m; sourceTree = "<group>"; };
		0469CC1416CBF19F006863B7 /* XMLReader.h */ = {isa = PBXFileReference; fileEncoding = 4; lastKnownFileType = sourcecode.c.h; path = XMLReader.h; sourceTree = "<group>"; };
		0469CC1516CBF19F006863B7 /* XMLReader.m */ = {isa = PBXFileReference; fileEncoding = 4; lastKnownFileType = sourcecode.c.objc; path = XMLReader.m; sourceTree = "<group>"; };
		0469CC2016CD8CEA006863B7 /* ITTVdb.h */ = {isa = PBXFileReference; fileEncoding = 4; lastKnownFileType = sourcecode.c.h; path = ITTVdb.h; sourceTree = "<group>"; };
		0469CC2116CD8CEA006863B7 /* ITTVdb.m */ = {isa = PBXFileReference; fileEncoding = 4; lastKnownFileType = sourcecode.c.objc; path = ITTVdb.m; sourceTree = "<group>"; };
		046C9BB816C159BA0003AD64 /* ITLibrary.h */ = {isa = PBXFileReference; fileEncoding = 4; lastKnownFileType = sourcecode.c.h; path = ITLibrary.h; sourceTree = "<group>"; };
		046C9BB916C159BA0003AD64 /* ITLibrary.m */ = {isa = PBXFileReference; fileEncoding = 4; lastKnownFileType = sourcecode.c.objc; path = ITLibrary.m; sourceTree = "<group>"; };
		046C9BC116C166AE0003AD64 /* FMDatabase.h */ = {isa = PBXFileReference; lastKnownFileType = sourcecode.c.h; path = FMDatabase.h; sourceTree = "<group>"; };
		046C9BC216C166AE0003AD64 /* FMDatabase.m */ = {isa = PBXFileReference; lastKnownFileType = sourcecode.c.objc; path = FMDatabase.m; sourceTree = "<group>"; };
		046C9BC316C166AE0003AD64 /* FMDatabaseAdditions.h */ = {isa = PBXFileReference; lastKnownFileType = sourcecode.c.h; path = FMDatabaseAdditions.h; sourceTree = "<group>"; };
		046C9BC416C166AE0003AD64 /* FMDatabaseAdditions.m */ = {isa = PBXFileReference; lastKnownFileType = sourcecode.c.objc; path = FMDatabaseAdditions.m; sourceTree = "<group>"; };
		046C9BC516C166AE0003AD64 /* FMDatabasePool.h */ = {isa = PBXFileReference; lastKnownFileType = sourcecode.c.h; path = FMDatabasePool.h; sourceTree = "<group>"; };
		046C9BC616C166AE0003AD64 /* FMDatabasePool.m */ = {isa = PBXFileReference; lastKnownFileType = sourcecode.c.objc; path = FMDatabasePool.m; sourceTree = "<group>"; };
		046C9BC716C166AE0003AD64 /* FMDatabaseQueue.h */ = {isa = PBXFileReference; lastKnownFileType = sourcecode.c.h; path = FMDatabaseQueue.h; sourceTree = "<group>"; };
		046C9BC816C166AE0003AD64 /* FMDatabaseQueue.m */ = {isa = PBXFileReference; lastKnownFileType = sourcecode.c.objc; path = FMDatabaseQueue.m; sourceTree = "<group>"; };
		046C9BC916C166AE0003AD64 /* fmdb.m */ = {isa = PBXFileReference; lastKnownFileType = sourcecode.c.objc; path = fmdb.m; sourceTree = "<group>"; };
		046C9BCA16C166AE0003AD64 /* FMResultSet.h */ = {isa = PBXFileReference; lastKnownFileType = sourcecode.c.h; path = FMResultSet.h; sourceTree = "<group>"; };
		046C9BCB16C166AE0003AD64 /* FMResultSet.m */ = {isa = PBXFileReference; lastKnownFileType = sourcecode.c.objc; path = FMResultSet.m; sourceTree = "<group>"; };
		046C9BCF16C167B80003AD64 /* iTraktor.db */ = {isa = PBXFileReference; lastKnownFileType = file; path = iTraktor.db; sourceTree = "<group>"; };
		046C9BD016C1685B0003AD64 /* libsqlite3.dylib */ = {isa = PBXFileReference; lastKnownFileType = "compiled.mach-o.dylib"; name = libsqlite3.dylib; path = usr/lib/libsqlite3.dylib; sourceTree = SDKROOT; };
		04714E2616D2C59900A308F7 /* ITConfig.h */ = {isa = PBXFileReference; fileEncoding = 4; lastKnownFileType = sourcecode.c.h; path = ITConfig.h; sourceTree = "<group>"; };
		04714E2716D2C59900A308F7 /* ITConfig.m */ = {isa = PBXFileReference; fileEncoding = 4; lastKnownFileType = sourcecode.c.objc; path = ITConfig.m; sourceTree = "<group>"; };
		04714E7F16D2DEC000A308F7 /* Sparkle.framework */ = {isa = PBXFileReference; lastKnownFileType = wrapper.framework; path = Sparkle.framework; sourceTree = "<group>"; };
		047D985217D67284002E97B8 /* ITTableRowGroupView.h */ = {isa = PBXFileReference; fileEncoding = 4; lastKnownFileType = sourcecode.c.h; path = ITTableRowGroupView.h; sourceTree = "<group>"; };
		047D985317D67285002E97B8 /* ITTableRowGroupView.m */ = {isa = PBXFileReference; fileEncoding = 4; lastKnownFileType = sourcecode.c.objc; path = ITTableRowGroupView.m; sourceTree = "<group>"; };
		047D985517D67ED7002E97B8 /* ProgressWindowController.h */ = {isa = PBXFileReference; fileEncoding = 4; lastKnownFileType = sourcecode.c.h; path = ProgressWindowController.h; sourceTree = "<group>"; };
		047D985617D67ED7002E97B8 /* ProgressWindowController.m */ = {isa = PBXFileReference; fileEncoding = 4; lastKnownFileType = sourcecode.c.objc; path = ProgressWindowController.m; sourceTree = "<group>"; };
		047D985717D67ED7002E97B8 /* ProgressWindowController.xib */ = {isa = PBXFileReference; fileEncoding = 4; lastKnownFileType = file.xib; path = ProgressWindowController.xib; sourceTree = "<group>"; };
		0481386316CA8BF400E682A0 /* MASPreferencesViewController.h */ = {isa = PBXFileReference; lastKnownFileType = sourcecode.c.h; path = MASPreferencesViewController.h; sourceTree = "<group>"; };
		0481386416CA8BF400E682A0 /* MASPreferencesWindow.xib */ = {isa = PBXFileReference; lastKnownFileType = file.xib; path = MASPreferencesWindow.xib; sourceTree = "<group>"; };
		0481386516CA8BF400E682A0 /* MASPreferencesWindowController.h */ = {isa = PBXFileReference; lastKnownFileType = sourcecode.c.h; path = MASPreferencesWindowController.h; sourceTree = "<group>"; };
		0481386616CA8BF400E682A0 /* MASPreferencesWindowController.m */ = {isa = PBXFileReference; lastKnownFileType = sourcecode.c.objc; path = MASPreferencesWindowController.m; sourceTree = "<group>"; };
		0481386816CA8C6000E682A0 /* PrefIndexViewController.h */ = {isa = PBXFileReference; fileEncoding = 4; lastKnownFileType = sourcecode.c.h; path = PrefIndexViewController.h; sourceTree = "<group>"; };
		0481386916CA8C6000E682A0 /* PrefIndexViewController.m */ = {isa = PBXFileReference; fileEncoding = 4; lastKnownFileType = sourcecode.c.objc; path = PrefIndexViewController.m; sourceTree = "<group>"; };
		0481386C16CA8DB300E682A0 /* PrefIndexViewController.xib */ = {isa = PBXFileReference; fileEncoding = 4; lastKnownFileType = file.xib; path = PrefIndexViewController.xib; sourceTree = "<group>"; };
		048DF1F416DEBF54004B064A /* PrefSyncViewController.h */ = {isa = PBXFileReference; fileEncoding = 4; lastKnownFileType = sourcecode.c.h; path = PrefSyncViewController.h; sourceTree = "<group>"; };
		048DF1F516DEBF54004B064A /* PrefSyncViewController.m */ = {isa = PBXFileReference; fileEncoding = 4; lastKnownFileType = sourcecode.c.objc; path = PrefSyncViewController.m; sourceTree = "<group>"; };
		048DF1F716DEC3ED004B064A /* PrefSyncViewController.xib */ = {isa = PBXFileReference; fileEncoding = 4; lastKnownFileType = file.xib; path = PrefSyncViewController.xib; sourceTree = "<group>"; };
		048DF1F916DECC6B004B064A /* PrefUpdateViewController.h */ = {isa = PBXFileReference; fileEncoding = 4; lastKnownFileType = sourcecode.c.h; path = PrefUpdateViewController.h; sourceTree = "<group>"; };
		048DF1FB16DECC99004B064A /* PrefUpdateViewController.m */ = {isa = PBXFileReference; fileEncoding = 4; lastKnownFileType = sourcecode.c.objc; path = PrefUpdateViewController.m; sourceTree = "<group>"; };
		048DF1FD16DECD14004B064A /* PrefUpdateViewController.xib */ = {isa = PBXFileReference; fileEncoding = 4; lastKnownFileType = file.xib; path = PrefUpdateViewController.xib; sourceTree = "<group>"; };
		048DF1FF16DFEE69004B064A /* ITNotification.h */ = {isa = PBXFileReference; fileEncoding = 4; lastKnownFileType = sourcecode.c.h; path = ITNotification.h; sourceTree = "<group>"; };
		048DF20016DFEE69004B064A /* ITNotification.m */ = {isa = PBXFileReference; fileEncoding = 4; lastKnownFileType = sourcecode.c.objc; path = ITNotification.m; sourceTree = "<group>"; };
		048DF20216DFF64A004B064A /* Growl.framework */ = {isa = PBXFileReference; lastKnownFileType = wrapper.framework; path = Growl.framework; sourceTree = "<group>"; };
		048DF20516DFF6DD004B064A /* Growl Registration Ticket.growlRegDict */ = {isa = PBXFileReference; fileEncoding = 4; lastKnownFileType = text.xml; path = "Growl Registration Ticket.growlRegDict"; sourceTree = "<group>"; };
		048DF20916DFFF17004B064A /* sync.png */ = {isa = PBXFileReference; lastKnownFileType = image.png; path = sync.png; sourceTree = "<group>"; };
		049ACB0816C2AD43007F103C /* CFNetwork.framework */ = {isa = PBXFileReference; lastKnownFileType = wrapper.framework; name = CFNetwork.framework; path = System/Library/Frameworks/CFNetwork.framework; sourceTree = SDKROOT; };
		049C48BC16C0223B00CC9A0E /* ITMovie.h */ = {isa = PBXFileReference; fileEncoding = 4; lastKnownFileType = sourcecode.c.h; path = ITMovie.h; sourceTree = "<group>"; };
		049C48BD16C0223B00CC9A0E /* ITMovie.m */ = {isa = PBXFileReference; fileEncoding = 4; lastKnownFileType = sourcecode.c.objc; path = ITMovie.m; sourceTree = "<group>"; };
		04A9FE4E17B43A69006CD129 /* ITMoviePoster.h */ = {isa = PBXFileReference; fileEncoding = 4; lastKnownFileType = sourcecode.c.h; path = ITMoviePoster.h; sourceTree = "<group>"; };
		04A9FE4F17B43A69006CD129 /* ITMoviePoster.m */ = {isa = PBXFileReference; fileEncoding = 4; lastKnownFileType = sourcecode.c.objc; path = ITMoviePoster.m; sourceTree = "<group>"; };
		04A9FE5117B43E0C006CD129 /* NSImage+MGCropExtensions.h */ = {isa = PBXFileReference; fileEncoding = 4; lastKnownFileType = sourcecode.c.h; path = "NSImage+MGCropExtensions.h"; sourceTree = "<group>"; };
		04A9FE5217B43E0C006CD129 /* NSImage+MGCropExtensions.m */ = {isa = PBXFileReference; fileEncoding = 4; lastKnownFileType = sourcecode.c.objc; path = "NSImage+MGCropExtensions.m"; sourceTree = "<group>"; };
		04A9FE5417B448C7006CD129 /* ITUtil.h */ = {isa = PBXFileReference; fileEncoding = 4; lastKnownFileType = sourcecode.c.h; path = ITUtil.h; sourceTree = "<group>"; };
		04A9FE5517B448C7006CD129 /* ITUtil.m */ = {isa = PBXFileReference; fileEncoding = 4; lastKnownFileType = sourcecode.c.objc; path = ITUtil.m; sourceTree = "<group>"; };
		04AB5F1D17C56A3200A2B1AC /* ITHistoryTableCellView.h */ = {isa = PBXFileReference; fileEncoding = 4; lastKnownFileType = sourcecode.c.h; path = ITHistoryTableCellView.h; sourceTree = "<group>"; };
		04AB5F1E17C56A3200A2B1AC /* ITHistoryTableCellView.m */ = {isa = PBXFileReference; fileEncoding = 4; lastKnownFileType = sourcecode.c.objc; path = ITHistoryTableCellView.m; sourceTree = "<group>"; };
		04AB88D117A70F270086D5CD /* ITHistoryView.h */ = {isa = PBXFileReference; fileEncoding = 4; lastKnownFileType = sourcecode.c.h; path = ITHistoryView.h; sourceTree = "<group>"; };
		04AB88D217A70F270086D5CD /* ITHistoryView.m */ = {isa = PBXFileReference; fileEncoding = 4; lastKnownFileType = sourcecode.c.objc; path = ITHistoryView.m; sourceTree = "<group>"; };
		04B5BE7117D5266F001F0705 /* ITErrors.h */ = {isa = PBXFileReference; fileEncoding = 4; lastKnownFileType = sourcecode.c.h; path = ITErrors.h; sourceTree = "<group>"; };
		04B5BE7217D5266F001F0705 /* ITErrors.m */ = {isa = PBXFileReference; fileEncoding = 4; lastKnownFileType = sourcecode.c.objc; path = ITErrors.m; sourceTree = "<group>"; };
		04B5BE7417D53081001F0705 /* ITErrorTableCellView.h */ = {isa = PBXFileReference; fileEncoding = 4; lastKnownFileType = sourcecode.c.h; path = ITErrorTableCellView.h; sourceTree = "<group>"; };
		04B5BE7517D53081001F0705 /* ITErrorTableCellView.m */ = {isa = PBXFileReference; fileEncoding = 4; lastKnownFileType = sourcecode.c.objc; path = ITErrorTableCellView.m; sourceTree = "<group>"; };
		04B5BE7717D53644001F0705 /* error.png */ = {isa = PBXFileReference; lastKnownFileType = image.png; path = error.png; sourceTree = "<group>"; };
		04B5BE7917D5401B001F0705 /* ITToolbar.h */ = {isa = PBXFileReference; fileEncoding = 4; lastKnownFileType = sourcecode.c.h; path = ITToolbar.h; sourceTree = "<group>"; };
		04B5BE7A17D5401B001F0705 /* ITToolbar.m */ = {isa = PBXFileReference; fileEncoding = 4; lastKnownFileType = sourcecode.c.objc; path = ITToolbar.m; sourceTree = "<group>"; };
		04B68C9D17A55E63006760D0 /* config.plist */ = {isa = PBXFileReference; fileEncoding = 4; lastKnownFileType = text.plist.xml; name = config.plist; path = "../../Traktable-NonGit/config.plist"; sourceTree = "<group>"; };
		04B68C9E17A55E63006760D0 /* dsa_pub.pem */ = {isa = PBXFileReference; fileEncoding = 4; lastKnownFileType = text; name = dsa_pub.pem; path = "../../Traktable-NonGit/dsa_pub.pem"; sourceTree = "<group>"; };
		04B68CA617A5600D006760D0 /* MainWindowController.h */ = {isa = PBXFileReference; fileEncoding = 4; lastKnownFileType = sourcecode.c.h; path = MainWindowController.h; sourceTree = "<group>"; };
		04B68CA717A5600D006760D0 /* MainWindowController.m */ = {isa = PBXFileReference; fileEncoding = 4; lastKnownFileType = sourcecode.c.objc; path = MainWindowController.m; sourceTree = "<group>"; };
		04B68CAF17A56E20006760D0 /* PXSourceList.h */ = {isa = PBXFileReference; fileEncoding = 4; lastKnownFileType = sourcecode.c.h; path = PXSourceList.h; sourceTree = "<group>"; };
		04B68CB017A56E20006760D0 /* PXSourceList.m */ = {isa = PBXFileReference; fileEncoding = 4; lastKnownFileType = sourcecode.c.objc; path = PXSourceList.m; sourceTree = "<group>"; };
		04B68CB117A56E20006760D0 /* PXSourceListDataSource.h */ = {isa = PBXFileReference; fileEncoding = 4; lastKnownFileType = sourcecode.c.h; path = PXSourceListDataSource.h; sourceTree = "<group>"; };
		04B68CB217A56E20006760D0 /* PXSourceListDelegate.h */ = {isa = PBXFileReference; fileEncoding = 4; lastKnownFileType = sourcecode.c.h; path = PXSourceListDelegate.h; sourceTree = "<group>"; };
		04B68CB517A56F60006760D0 /* SourceListItem.h */ = {isa = PBXFileReference; lastKnownFileType = sourcecode.c.h; path = SourceListItem.h; sourceTree = "<group>"; };
		04B68CB617A56F60006760D0 /* SourceListItem.m */ = {isa = PBXFileReference; lastKnownFileType = sourcecode.c.objc; path = SourceListItem.m; sourceTree = "<group>"; };
		04B68CCF17A5BE65006760D0 /* HttpClientHelper.h */ = {isa = PBXFileReference; fileEncoding = 4; lastKnownFileType = sourcecode.c.h; path = HttpClientHelper.h; sourceTree = "<group>"; };
		04B68CD017A5BE65006760D0 /* HttpClientHelper.m */ = {isa = PBXFileReference; fileEncoding = 4; lastKnownFileType = sourcecode.c.objc; path = HttpClientHelper.m; sourceTree = "<group>"; };
		04B68CD217A5BE65006760D0 /* BaseRequest.h */ = {isa = PBXFileReference; fileEncoding = 4; lastKnownFileType = sourcecode.c.h; path = BaseRequest.h; sourceTree = "<group>"; };
		04B68CD317A5BE65006760D0 /* BaseRequest.m */ = {isa = PBXFileReference; fileEncoding = 4; lastKnownFileType = sourcecode.c.objc; path = BaseRequest.m; sourceTree = "<group>"; };
		04B68CD417A5BE65006760D0 /* BodyRequest.h */ = {isa = PBXFileReference; fileEncoding = 4; lastKnownFileType = sourcecode.c.h; path = BodyRequest.h; sourceTree = "<group>"; };
		04B68CD517A5BE65006760D0 /* BodyRequest.m */ = {isa = PBXFileReference; fileEncoding = 4; lastKnownFileType = sourcecode.c.objc; path = BodyRequest.m; sourceTree = "<group>"; };
		04B68CD617A5BE65006760D0 /* MultipartRequest.h */ = {isa = PBXFileReference; fileEncoding = 4; lastKnownFileType = sourcecode.c.h; path = MultipartRequest.h; sourceTree = "<group>"; };
		04B68CD717A5BE65006760D0 /* MultipartRequest.m */ = {isa = PBXFileReference; fileEncoding = 4; lastKnownFileType = sourcecode.c.objc; path = MultipartRequest.m; sourceTree = "<group>"; };
		04B68CD817A5BE65006760D0 /* SimpleRequest.h */ = {isa = PBXFileReference; fileEncoding = 4; lastKnownFileType = sourcecode.c.h; path = SimpleRequest.h; sourceTree = "<group>"; };
		04B68CD917A5BE65006760D0 /* SimpleRequest.m */ = {isa = PBXFileReference; fileEncoding = 4; lastKnownFileType = sourcecode.c.objc; path = SimpleRequest.m; sourceTree = "<group>"; };
		04B68CDA17A5BE65006760D0 /* HttpRequest.h */ = {isa = PBXFileReference; fileEncoding = 4; lastKnownFileType = sourcecode.c.h; path = HttpRequest.h; sourceTree = "<group>"; };
		04B68CDB17A5BE65006760D0 /* HttpRequest.m */ = {isa = PBXFileReference; fileEncoding = 4; lastKnownFileType = sourcecode.c.objc; path = HttpRequest.m; sourceTree = "<group>"; };
		04B68CDC17A5BE65006760D0 /* HttpRequestWithBody.h */ = {isa = PBXFileReference; fileEncoding = 4; lastKnownFileType = sourcecode.c.h; path = HttpRequestWithBody.h; sourceTree = "<group>"; };
		04B68CDD17A5BE65006760D0 /* HttpRequestWithBody.m */ = {isa = PBXFileReference; fileEncoding = 4; lastKnownFileType = sourcecode.c.objc; path = HttpRequestWithBody.m; sourceTree = "<group>"; };
		04B68CDF17A5BE65006760D0 /* HttpBinaryResponse.h */ = {isa = PBXFileReference; fileEncoding = 4; lastKnownFileType = sourcecode.c.h; path = HttpBinaryResponse.h; sourceTree = "<group>"; };
		04B68CE017A5BE65006760D0 /* HttpBinaryResponse.m */ = {isa = PBXFileReference; fileEncoding = 4; lastKnownFileType = sourcecode.c.objc; path = HttpBinaryResponse.m; sourceTree = "<group>"; };
		04B68CE117A5BE65006760D0 /* HttpJsonResponse.h */ = {isa = PBXFileReference; fileEncoding = 4; lastKnownFileType = sourcecode.c.h; path = HttpJsonResponse.h; sourceTree = "<group>"; };
		04B68CE217A5BE65006760D0 /* HttpJsonResponse.m */ = {isa = PBXFileReference; fileEncoding = 4; lastKnownFileType = sourcecode.c.objc; path = HttpJsonResponse.m; sourceTree = "<group>"; };
		04B68CE317A5BE65006760D0 /* HttpResponse.h */ = {isa = PBXFileReference; fileEncoding = 4; lastKnownFileType = sourcecode.c.h; path = HttpResponse.h; sourceTree = "<group>"; };
		04B68CE417A5BE65006760D0 /* HttpResponse.m */ = {isa = PBXFileReference; fileEncoding = 4; lastKnownFileType = sourcecode.c.objc; path = HttpResponse.m; sourceTree = "<group>"; };
		04B68CE517A5BE65006760D0 /* HttpStringResponse.h */ = {isa = PBXFileReference; fileEncoding = 4; lastKnownFileType = sourcecode.c.h; path = HttpStringResponse.h; sourceTree = "<group>"; };
		04B68CE617A5BE65006760D0 /* HttpStringResponse.m */ = {isa = PBXFileReference; fileEncoding = 4; lastKnownFileType = sourcecode.c.objc; path = HttpStringResponse.m; sourceTree = "<group>"; };
		04B68CE717A5BE65006760D0 /* JsonNode.h */ = {isa = PBXFileReference; fileEncoding = 4; lastKnownFileType = sourcecode.c.h; path = JsonNode.h; sourceTree = "<group>"; };
		04B68CE817A5BE65006760D0 /* JsonNode.m */ = {isa = PBXFileReference; fileEncoding = 4; lastKnownFileType = sourcecode.c.objc; path = JsonNode.m; sourceTree = "<group>"; };
		04B68CE917A5BE65006760D0 /* Unirest-Prefix.pch */ = {isa = PBXFileReference; fileEncoding = 4; lastKnownFileType = sourcecode.c.h; path = "Unirest-Prefix.pch"; sourceTree = "<group>"; };
		04B68CEA17A5BE65006760D0 /* Unirest.h */ = {isa = PBXFileReference; fileEncoding = 4; lastKnownFileType = sourcecode.c.h; path = Unirest.h; sourceTree = "<group>"; };
		04B68CEB17A5BE65006760D0 /* Unirest.m */ = {isa = PBXFileReference; fileEncoding = 4; lastKnownFileType = sourcecode.c.objc; path = Unirest.m; sourceTree = "<group>"; };
		04BCC5E217B03DBB00D8DE7A /* ITHistory.h */ = {isa = PBXFileReference; fileEncoding = 4; lastKnownFileType = sourcecode.c.h; path = ITHistory.h; sourceTree = "<group>"; };
		04BCC5E317B03DBB00D8DE7A /* ITHistory.m */ = {isa = PBXFileReference; fileEncoding = 4; lastKnownFileType = sourcecode.c.objc; path = ITHistory.m; sourceTree = "<group>"; };
		04BCC5ED17B1879300D8DE7A /* ITDb.h */ = {isa = PBXFileReference; fileEncoding = 4; lastKnownFileType = sourcecode.c.h; path = ITDb.h; sourceTree = "<group>"; };
		04BCC5EE17B1879300D8DE7A /* ITDb.m */ = {isa = PBXFileReference; fileEncoding = 4; lastKnownFileType = sourcecode.c.objc; path = ITDb.m; sourceTree = "<group>"; };
		04BCC5F017B1885A00D8DE7A /* ITConstants.h */ = {isa = PBXFileReference; fileEncoding = 4; lastKnownFileType = sourcecode.c.h; path = ITConstants.h; sourceTree = "<group>"; };
		04BCC5F117B1885A00D8DE7A /* ITConstants.m */ = {isa = PBXFileReference; fileEncoding = 4; lastKnownFileType = sourcecode.c.objc; path = ITConstants.m; sourceTree = "<group>"; };
		04D74BB417C7AC5700B135BF /* ITTableRowView.h */ = {isa = PBXFileReference; fileEncoding = 4; lastKnownFileType = sourcecode.c.h; path = ITTableRowView.h; sourceTree = "<group>"; };
		04D74BB517C7AC5700B135BF /* ITTableRowView.m */ = {isa = PBXFileReference; fileEncoding = 4; lastKnownFileType = sourcecode.c.objc; path = ITTableRowView.m; sourceTree = "<group>"; };
		04D74BBC17CA88A200B135BF /* VLC.h */ = {isa = PBXFileReference; fileEncoding = 4; lastKnownFileType = sourcecode.c.h; path = VLC.h; sourceTree = "<group>"; };
		04D74BC117CA9FB800B135BF /* CoreServices.framework */ = {isa = PBXFileReference; lastKnownFileType = wrapper.framework; name = CoreServices.framework; path = System/Library/Frameworks/CoreServices.framework; sourceTree = SDKROOT; };
		04D74BC317CAB18B00B135BF /* movies.png */ = {isa = PBXFileReference; lastKnownFileType = image.png; path = movies.png; sourceTree = "<group>"; };
		04D74BC517CB49FD00B135BF /* ITTVShowPoster.h */ = {isa = PBXFileReference; fileEncoding = 4; lastKnownFileType = sourcecode.c.h; path = ITTVShowPoster.h; sourceTree = "<group>"; };
		04D74BC617CB49FE00B135BF /* ITTVShowPoster.m */ = {isa = PBXFileReference; fileEncoding = 4; lastKnownFileType = sourcecode.c.objc; path = ITTVShowPoster.m; sourceTree = "<group>"; };
		04D74BC817CBA18A00B135BF /* ITSync.h */ = {isa = PBXFileReference; fileEncoding = 4; lastKnownFileType = sourcecode.c.h; path = ITSync.h; sourceTree = "<group>"; };
		04D74BC917CBA18B00B135BF /* ITSync.m */ = {isa = PBXFileReference; fileEncoding = 4; lastKnownFileType = sourcecode.c.objc; path = ITSync.m; sourceTree = "<group>"; };
		04FE3AE417D8BBF200497DAD /* SystemConfiguration.framework */ = {isa = PBXFileReference; lastKnownFileType = wrapper.framework; name = SystemConfiguration.framework; path = System/Library/Frameworks/SystemConfiguration.framework; sourceTree = SDKROOT; };
/* End PBXFileReference section */

/* Begin PBXFrameworksBuildPhase section */
		042F07DB16BC19DB00A0CE9E /* Frameworks */ = {
			isa = PBXFrameworksBuildPhase;
			buildActionMask = 2147483647;
			files = (
				04FE3AE517D8BBF200497DAD /* SystemConfiguration.framework in Frameworks */,
				04D74BC217CA9FB800B135BF /* CoreServices.framework in Frameworks */,
				0446E06D17385349008BC1EB /* Sparkle.framework in Frameworks */,
				049ACB0916C2AD43007F103C /* CFNetwork.framework in Frameworks */,
				046C9BD116C1685B0003AD64 /* libsqlite3.dylib in Frameworks */,
				042F081616BD64ED00A0CE9E /* Security.framework in Frameworks */,
				042F081416BD64C400A0CE9E /* ScriptingBridge.framework in Frameworks */,
				042F07E316BC19DB00A0CE9E /* Cocoa.framework in Frameworks */,
				048DF20316DFF64A004B064A /* Growl.framework in Frameworks */,
			);
			runOnlyForDeploymentPostprocessing = 0;
		};
/* End PBXFrameworksBuildPhase section */

/* Begin PBXGroup section */
		042F07D316BC19DB00A0CE9E = {
			isa = PBXGroup;
			children = (
				0437203216CEF3ED003B8AB6 /* icon.icns */,
				042F07E816BC19DB00A0CE9E /* Traktable */,
				042F07E116BC19DB00A0CE9E /* Frameworks */,
				042F07DF16BC19DB00A0CE9E /* Products */,
			);
			sourceTree = "<group>";
		};
		042F07DF16BC19DB00A0CE9E /* Products */ = {
			isa = PBXGroup;
			children = (
				042F07DE16BC19DB00A0CE9E /* Traktable.app */,
			);
			name = Products;
			sourceTree = "<group>";
		};
		042F07E116BC19DB00A0CE9E /* Frameworks */ = {
			isa = PBXGroup;
			children = (
				04FE3AE417D8BBF200497DAD /* SystemConfiguration.framework */,
				04D74BC117CA9FB800B135BF /* CoreServices.framework */,
				048DF20216DFF64A004B064A /* Growl.framework */,
				04714E7F16D2DEC000A308F7 /* Sparkle.framework */,
				049ACB0816C2AD43007F103C /* CFNetwork.framework */,
				042F07E516BC19DB00A0CE9E /* AppKit.framework */,
				042F07E616BC19DB00A0CE9E /* CoreData.framework */,
				042F07E716BC19DB00A0CE9E /* Foundation.framework */,
				046C9BD016C1685B0003AD64 /* libsqlite3.dylib */,
				042F081516BD64ED00A0CE9E /* Security.framework */,
				042F081316BD64C400A0CE9E /* ScriptingBridge.framework */,
				042F07E216BC19DB00A0CE9E /* Cocoa.framework */,
			);
			name = Frameworks;
			sourceTree = "<group>";
		};
		042F07E816BC19DB00A0CE9E /* Traktable */ = {
			isa = PBXGroup;
			children = (
				042F07F416BC19DB00A0CE9E /* AppDelegate.h */,
				042F07F516BC19DB00A0CE9E /* AppDelegate.m */,
				04AC34A217DF893B0027A5E2 /* Progress/Login Window */,
				04AB5F1C17C569CF00A2B1AC /* Main Window */,
				04BAD1A217CBA2AE00AA815A /* Models */,
				042F080916BC1E4C00A0CE9E /* ITApi.h */,
				042F080A16BC1E4C00A0CE9E /* ITApi.m */,
				042F080B16BC1E4C00A0CE9E /* ITVideo.h */,
				042F080C16BC1E4C00A0CE9E /* ITVideo.m */,
				046C9BB816C159BA0003AD64 /* ITLibrary.h */,
				046C9BB916C159BA0003AD64 /* ITLibrary.m */,
				04BCC5ED17B1879300D8DE7A /* ITDb.h */,
				04BCC5EE17B1879300D8DE7A /* ITDb.m */,
				04D74BC817CBA18A00B135BF /* ITSync.h */,
				04D74BC917CBA18B00B135BF /* ITSync.m */,
				04A9FE5417B448C7006CD129 /* ITUtil.h */,
				04A9FE5517B448C7006CD129 /* ITUtil.m */,
				04BCC5F017B1885A00D8DE7A /* ITConstants.h */,
				04BCC5F117B1885A00D8DE7A /* ITConstants.m */,
				04714E2616D2C59900A308F7 /* ITConfig.h */,
				04714E2716D2C59900A308F7 /* ITConfig.m */,
				0469CC2016CD8CEA006863B7 /* ITTVdb.h */,
				0469CC2116CD8CEA006863B7 /* ITTVdb.m */,
				0469CBFE16CBE010006863B7 /* IMDB.h */,
				0469CBFF16CBE010006863B7 /* IMDB.m */,
				048DF1FF16DFEE69004B064A /* ITNotification.h */,
				048DF20016DFEE69004B064A /* ITNotification.m */,
				042F07F716BC19DB00A0CE9E /* MainMenu.xib */,
				04A9FE5717B62C20006CD129 /* Preferences */,
				042F080416BC1A3100A0CE9E /* Lib */,
				043942A517D0006C009C160F /* Images */,
				042F07E916BC19DB00A0CE9E /* Supporting Files */,
			);
			path = Traktable;
			sourceTree = "<group>";
		};
		042F07E916BC19DB00A0CE9E /* Supporting Files */ = {
			isa = PBXGroup;
			children = (
				043942BC17D07B92009C160F /* nl.lproj */,
				04B68C9D17A55E63006760D0 /* config.plist */,
				04B68C9E17A55E63006760D0 /* dsa_pub.pem */,
				048DF20916DFFF17004B064A /* sync.png */,
				046C9BCF16C167B80003AD64 /* iTraktor.db */,
				042F07EA16BC19DB00A0CE9E /* Traktable-Info.plist */,
				042F07EB16BC19DB00A0CE9E /* InfoPlist.strings */,
				042F07EE16BC19DB00A0CE9E /* main.m */,
				042F07F016BC19DB00A0CE9E /* Traktable-Prefix.pch */,
				042F07F116BC19DB00A0CE9E /* Credits.rtf */,
				048DF20516DFF6DD004B064A /* Growl Registration Ticket.growlRegDict */,
				043942B617D076F2009C160F /* Localizable.strings */,
			);
			name = "Supporting Files";
			sourceTree = "<group>";
		};
		042F080416BC1A3100A0CE9E /* Lib */ = {
			isa = PBXGroup;
			children = (
				04A9FE5117B43E0C006CD129 /* NSImage+MGCropExtensions.h */,
				04A9FE5217B43E0C006CD129 /* NSImage+MGCropExtensions.m */,
				04162D2417DFC90A0086EFB0 /* NSData+Additions.h */,
				04162D2517DFC90A0086EFB0 /* NSData+Additions.m */,
				04B68CF917A5BE74006760D0 /* Unirest */,
				04B68CB417A56E25006760D0 /* PXSourceList */,
				0469CC0116CBF19F006863B7 /* itvdb */,
				0481386716CA8C0200E682A0 /* MASPreferences */,
				046C9BCC16C166B30003AD64 /* FMDB */,
				042F080816BC1A5500A0CE9E /* EMKeychain */,
				042F080516BC1A3B00A0CE9E /* iTunes.h */,
				04D74BBC17CA88A200B135BF /* VLC.h */,
			);
			name = Lib;
			sourceTree = "<group>";
		};
		042F080816BC1A5500A0CE9E /* EMKeychain */ = {
			isa = PBXGroup;
			children = (
				042F080616BC1A5200A0CE9E /* EMKeychainItem.h */,
				042F080716BC1A5200A0CE9E /* EMKeychainItem.m */,
			);
			name = EMKeychain;
			sourceTree = "<group>";
		};
		043942A517D0006C009C160F /* Images */ = {
			isa = PBXGroup;
			children = (
				0403609017DFAEA90014D6D6 /* it-icon.png */,
				04B5BE7717D53644001F0705 /* error.png */,
				0441839417D0DA5200F9FCA2 /* trakttv.png */,
				0441839617D0DA9D00F9FCA2 /* trakttv_pressed.png */,
				043942A617D00499009C160F /* clock_32x32.png */,
				043942A717D00499009C160F /* eye_32x24.png */,
				0437204216CEF823003B8AB6 /* menuicon.png */,
				04D74BC317CAB18B00B135BF /* movies.png */,
			);
			name = Images;
			sourceTree = "<group>";
		};
		043942BC17D07B92009C160F /* nl.lproj */ = {
			isa = PBXGroup;
			children = (
				043942BD17D07B92009C160F /* Localizable.strings */,
			);
			path = nl.lproj;
			sourceTree = "<group>";
		};
		0469CC0116CBF19F006863B7 /* itvdb */ = {
			isa = PBXGroup;
			children = (
				0469CC0216CBF19F006863B7 /* Helpers */,
				0469CC0516CBF19F006863B7 /* iTVDb.h */,
				0469CC0616CBF19F006863B7 /* iTVDb.podspec */,
				0469CC0716CBF19F006863B7 /* LICENSE */,
				0469CC0816CBF19F006863B7 /* README.md */,
				0469CC0916CBF19F006863B7 /* TVDbClient.h */,
				0469CC0A16CBF19F006863B7 /* TVDbClient.m */,
				0469CC0B16CBF19F006863B7 /* TVDbEpisode.h */,
				0469CC0C16CBF19F006863B7 /* TVDbEpisode.m */,
				0469CC0D16CBF19F006863B7 /* TVDbImage.h */,
				0469CC0E16CBF19F006863B7 /* TVDbImage.m */,
				0469CC0F16CBF19F006863B7 /* TVDbShow.h */,
				0469CC1016CBF19F006863B7 /* TVDbShow.m */,
				0469CC1116CBF19F006863B7 /* TVDbUpdater.h */,
				0469CC1216CBF19F006863B7 /* TVDbUpdater.m */,
				0469CC1316CBF19F006863B7 /* XMLReader */,
			);
			path = itvdb;
			sourceTree = "<group>";
		};
		0469CC0216CBF19F006863B7 /* Helpers */ = {
			isa = PBXGroup;
			children = (
				0469CC0316CBF19F006863B7 /* NSString+Helper.h */,
				0469CC0416CBF19F006863B7 /* NSString+Helper.m */,
			);
			path = Helpers;
			sourceTree = "<group>";
		};
		0469CC1316CBF19F006863B7 /* XMLReader */ = {
			isa = PBXGroup;
			children = (
				0469CC1416CBF19F006863B7 /* XMLReader.h */,
				0469CC1516CBF19F006863B7 /* XMLReader.m */,
			);
			path = XMLReader;
			sourceTree = "<group>";
		};
		046C9BCC16C166B30003AD64 /* FMDB */ = {
			isa = PBXGroup;
			children = (
				046C9BC116C166AE0003AD64 /* FMDatabase.h */,
				046C9BC216C166AE0003AD64 /* FMDatabase.m */,
				046C9BC316C166AE0003AD64 /* FMDatabaseAdditions.h */,
				046C9BC416C166AE0003AD64 /* FMDatabaseAdditions.m */,
				046C9BC516C166AE0003AD64 /* FMDatabasePool.h */,
				046C9BC616C166AE0003AD64 /* FMDatabasePool.m */,
				046C9BC716C166AE0003AD64 /* FMDatabaseQueue.h */,
				046C9BC816C166AE0003AD64 /* FMDatabaseQueue.m */,
				046C9BC916C166AE0003AD64 /* fmdb.m */,
				046C9BCA16C166AE0003AD64 /* FMResultSet.h */,
				046C9BCB16C166AE0003AD64 /* FMResultSet.m */,
			);
			name = FMDB;
			sourceTree = "<group>";
		};
		0481386716CA8C0200E682A0 /* MASPreferences */ = {
			isa = PBXGroup;
			children = (
				0481386316CA8BF400E682A0 /* MASPreferencesViewController.h */,
				0481386416CA8BF400E682A0 /* MASPreferencesWindow.xib */,
				0481386516CA8BF400E682A0 /* MASPreferencesWindowController.h */,
				0481386616CA8BF400E682A0 /* MASPreferencesWindowController.m */,
			);
			name = MASPreferences;
			sourceTree = "<group>";
		};
		04A9FE5717B62C20006CD129 /* Preferences */ = {
			isa = PBXGroup;
			children = (
				0481386816CA8C6000E682A0 /* PrefIndexViewController.h */,
				0481386916CA8C6000E682A0 /* PrefIndexViewController.m */,
				048DF1F416DEBF54004B064A /* PrefSyncViewController.h */,
				048DF1F516DEBF54004B064A /* PrefSyncViewController.m */,
				048DF1F916DECC6B004B064A /* PrefUpdateViewController.h */,
				048DF1FB16DECC99004B064A /* PrefUpdateViewController.m */,
				04A9FE5817B62C32006CD129 /* views */,
			);
			name = Preferences;
			sourceTree = "<group>";
		};
		04A9FE5817B62C32006CD129 /* views */ = {
			isa = PBXGroup;
			children = (
				0481386C16CA8DB300E682A0 /* PrefIndexViewController.xib */,
				048DF1F716DEC3ED004B064A /* PrefSyncViewController.xib */,
				048DF1FD16DECD14004B064A /* PrefUpdateViewController.xib */,
			);
			name = views;
			sourceTree = "<group>";
		};
		04AB5F1C17C569CF00A2B1AC /* Main Window */ = {
			isa = PBXGroup;
			children = (
				04B68CA617A5600D006760D0 /* MainWindowController.h */,
				04B68CA717A5600D006760D0 /* MainWindowController.m */,
				04B68CB517A56F60006760D0 /* SourceListItem.h */,
				04B68CB617A56F60006760D0 /* SourceListItem.m */,
				04BCC5E217B03DBB00D8DE7A /* ITHistory.h */,
				04BCC5E317B03DBB00D8DE7A /* ITHistory.m */,
				04B5BE7117D5266F001F0705 /* ITErrors.h */,
				04B5BE7217D5266F001F0705 /* ITErrors.m */,
				04AB88D117A70F270086D5CD /* ITHistoryView.h */,
				04AB88D217A70F270086D5CD /* ITHistoryView.m */,
				040CA4F017EDED67007B9076 /* ITErrorView.h */,
				040CA4F117EDED67007B9076 /* ITErrorView.m */,
				04AB5F1D17C56A3200A2B1AC /* ITHistoryTableCellView.h */,
				04AB5F1E17C56A3200A2B1AC /* ITHistoryTableCellView.m */,
				04B5BE7417D53081001F0705 /* ITErrorTableCellView.h */,
				04B5BE7517D53081001F0705 /* ITErrorTableCellView.m */,
				04D74BB417C7AC5700B135BF /* ITTableRowView.h */,
				04D74BB517C7AC5700B135BF /* ITTableRowView.m */,
				047D985217D67284002E97B8 /* ITTableRowGroupView.h */,
				047D985317D67285002E97B8 /* ITTableRowGroupView.m */,
				044AC42617F0DAF30045D281 /* ITTableGroupDateCellView.h */,
				044AC42717F0DAF30045D281 /* ITTableGroupDateCellView.m */,
				04B5BE7917D5401B001F0705 /* ITToolbar.h */,
				04B5BE7A17D5401B001F0705 /* ITToolbar.m */,
				043942C317D07D74009C160F /* MainWindowController.xib */,
				040CA4E617EB8F36007B9076 /* HistoryViewController.xib */,
				040CA4E817EDCDA0007B9076 /* ErrorViewController.xib */,
			);
			name = "Main Window";
			sourceTree = "<group>";
		};
		04AC34A217DF893B0027A5E2 /* Progress/Login Window */ = {
			isa = PBXGroup;
			children = (
				047D985517D67ED7002E97B8 /* ProgressWindowController.h */,
				047D985617D67ED7002E97B8 /* ProgressWindowController.m */,
				047D985717D67ED7002E97B8 /* ProgressWindowController.xib */,
			);
			name = "Progress/Login Window";
			sourceTree = "<group>";
		};
		04B68CB417A56E25006760D0 /* PXSourceList */ = {
			isa = PBXGroup;
			children = (
				04B68CAF17A56E20006760D0 /* PXSourceList.h */,
				04B68CB017A56E20006760D0 /* PXSourceList.m */,
				04B68CB117A56E20006760D0 /* PXSourceListDataSource.h */,
				04B68CB217A56E20006760D0 /* PXSourceListDelegate.h */,
			);
			name = PXSourceList;
			sourceTree = "<group>";
		};
		04B68CD117A5BE65006760D0 /* HttpRequest */ = {
			isa = PBXGroup;
			children = (
				04B68CD217A5BE65006760D0 /* BaseRequest.h */,
				04B68CD317A5BE65006760D0 /* BaseRequest.m */,
				04B68CD417A5BE65006760D0 /* BodyRequest.h */,
				04B68CD517A5BE65006760D0 /* BodyRequest.m */,
				04B68CD617A5BE65006760D0 /* MultipartRequest.h */,
				04B68CD717A5BE65006760D0 /* MultipartRequest.m */,
				04B68CD817A5BE65006760D0 /* SimpleRequest.h */,
				04B68CD917A5BE65006760D0 /* SimpleRequest.m */,
			);
			path = HttpRequest;
			sourceTree = "<group>";
		};
		04B68CDE17A5BE65006760D0 /* HttpResponse */ = {
			isa = PBXGroup;
			children = (
				04B68CDF17A5BE65006760D0 /* HttpBinaryResponse.h */,
				04B68CE017A5BE65006760D0 /* HttpBinaryResponse.m */,
				04B68CE117A5BE65006760D0 /* HttpJsonResponse.h */,
				04B68CE217A5BE65006760D0 /* HttpJsonResponse.m */,
				04B68CE317A5BE65006760D0 /* HttpResponse.h */,
				04B68CE417A5BE65006760D0 /* HttpResponse.m */,
				04B68CE517A5BE65006760D0 /* HttpStringResponse.h */,
				04B68CE617A5BE65006760D0 /* HttpStringResponse.m */,
				04B68CE717A5BE65006760D0 /* JsonNode.h */,
				04B68CE817A5BE65006760D0 /* JsonNode.m */,
			);
			path = HttpResponse;
			sourceTree = "<group>";
		};
		04B68CF917A5BE74006760D0 /* Unirest */ = {
			isa = PBXGroup;
			children = (
				04B68CCF17A5BE65006760D0 /* HttpClientHelper.h */,
				04B68CD017A5BE65006760D0 /* HttpClientHelper.m */,
				04B68CD117A5BE65006760D0 /* HttpRequest */,
				04B68CDA17A5BE65006760D0 /* HttpRequest.h */,
				04B68CDB17A5BE65006760D0 /* HttpRequest.m */,
				04B68CDC17A5BE65006760D0 /* HttpRequestWithBody.h */,
				04B68CDD17A5BE65006760D0 /* HttpRequestWithBody.m */,
				04B68CDE17A5BE65006760D0 /* HttpResponse */,
				04B68CE917A5BE65006760D0 /* Unirest-Prefix.pch */,
				04B68CEA17A5BE65006760D0 /* Unirest.h */,
				04B68CEB17A5BE65006760D0 /* Unirest.m */,
			);
			name = Unirest;
			sourceTree = "<group>";
		};
		04BAD1A217CBA2AE00AA815A /* Models */ = {
			isa = PBXGroup;
			children = (
				042F080D16BC1E4C00A0CE9E /* ITTVShow.h */,
				042F080E16BC1E4C00A0CE9E /* ITTVShow.m */,
				04D74BC517CB49FD00B135BF /* ITTVShowPoster.h */,
				04D74BC617CB49FE00B135BF /* ITTVShowPoster.m */,
				0441839B17D0EDB800F9FCA2 /* ITEpisodeScreen.h */,
				0441839C17D0EDB800F9FCA2 /* ITEpisodeScreen.m */,
				049C48BC16C0223B00CC9A0E /* ITMovie.h */,
				049C48BD16C0223B00CC9A0E /* ITMovie.m */,
				04A9FE4E17B43A69006CD129 /* ITMoviePoster.h */,
				04A9FE4F17B43A69006CD129 /* ITMoviePoster.m */,
			);
			name = Models;
			sourceTree = "<group>";
		};
/* End PBXGroup section */

/* Begin PBXNativeTarget section */
		042F07DD16BC19DB00A0CE9E /* Traktable */ = {
			isa = PBXNativeTarget;
			buildConfigurationList = 042F07FC16BC19DB00A0CE9E /* Build configuration list for PBXNativeTarget "Traktable" */;
			buildPhases = (
				042F07DA16BC19DB00A0CE9E /* Sources */,
				042F07DB16BC19DB00A0CE9E /* Frameworks */,
				042F07DC16BC19DB00A0CE9E /* Resources */,
				04714E5F16D2D3D600A308F7 /* CopyFiles */,
			);
			buildRules = (
			);
			dependencies = (
			);
			name = Traktable;
			productName = Traktable;
			productReference = 042F07DE16BC19DB00A0CE9E /* Traktable.app */;
			productType = "com.apple.product-type.application";
		};
/* End PBXNativeTarget section */

/* Begin PBXProject section */
		042F07D516BC19DB00A0CE9E /* Project object */ = {
			isa = PBXProject;
			attributes = {
				LastUpgradeCheck = 0450;
				ORGANIZATIONNAME = Mustacherious;
			};
			buildConfigurationList = 042F07D816BC19DB00A0CE9E /* Build configuration list for PBXProject "Traktable" */;
			compatibilityVersion = "Xcode 3.2";
			developmentRegion = English;
			hasScannedForEncodings = 0;
			knownRegions = (
				en,
				English,
				nl,
			);
			mainGroup = 042F07D316BC19DB00A0CE9E;
			productRefGroup = 042F07DF16BC19DB00A0CE9E /* Products */;
			projectDirPath = "";
			projectRoot = "";
			targets = (
				042F07DD16BC19DB00A0CE9E /* Traktable */,
			);
		};
/* End PBXProject section */

/* Begin PBXResourcesBuildPhase section */
		042F07DC16BC19DB00A0CE9E /* Resources */ = {
			isa = PBXResourcesBuildPhase;
			buildActionMask = 2147483647;
			files = (
				045235A416CA9069005D25E4 /* MASPreferencesWindow.xib in Resources */,
				046C9BDC16C16F490003AD64 /* iTraktor.db in Resources */,
				042F07ED16BC19DB00A0CE9E /* InfoPlist.strings in Resources */,
				042F07F316BC19DB00A0CE9E /* Credits.rtf in Resources */,
				042F07F916BC19DB00A0CE9E /* MainMenu.xib in Resources */,
				0481386D16CA8DB300E682A0 /* PrefIndexViewController.xib in Resources */,
				0469CC1716CBF19F006863B7 /* iTVDb.podspec in Resources */,
				0469CC1816CBF19F006863B7 /* LICENSE in Resources */,
				0469CC1916CBF19F006863B7 /* README.md in Resources */,
				0437203316CEF3ED003B8AB6 /* icon.icns in Resources */,
				0437204316CEF823003B8AB6 /* menuicon.png in Resources */,
				048DF1F816DEC3ED004B064A /* PrefSyncViewController.xib in Resources */,
				048DF1FA16DECC6B004B064A /* PrefUpdateViewController.h in Resources */,
				048DF1FE16DECD14004B064A /* PrefUpdateViewController.xib in Resources */,
				048DF20616DFF6DD004B064A /* Growl Registration Ticket.growlRegDict in Resources */,
				048DF20A16DFFF17004B064A /* sync.png in Resources */,
				04B68C9F17A55E63006760D0 /* config.plist in Resources */,
				04B68CA017A55E63006760D0 /* dsa_pub.pem in Resources */,
				04D74BC417CAB18B00B135BF /* movies.png in Resources */,
				043942A817D00499009C160F /* clock_32x32.png in Resources */,
				043942A917D00499009C160F /* eye_32x24.png in Resources */,
				043942B417D076F2009C160F /* Localizable.strings in Resources */,
				043942BF17D07B92009C160F /* Localizable.strings in Resources */,
				043942C517D07D74009C160F /* MainWindowController.xib in Resources */,
				0441839517D0DA5200F9FCA2 /* trakttv.png in Resources */,
				0441839717D0DA9D00F9FCA2 /* trakttv_pressed.png in Resources */,
				04B5BE7817D53644001F0705 /* error.png in Resources */,
				047D985917D67ED7002E97B8 /* ProgressWindowController.xib in Resources */,
				0403609117DFAEA90014D6D6 /* it-icon.png in Resources */,
				040CA4E717EB8F36007B9076 /* HistoryViewController.xib in Resources */,
				040CA4E917EDCDA0007B9076 /* ErrorViewController.xib in Resources */,
			);
			runOnlyForDeploymentPostprocessing = 0;
		};
/* End PBXResourcesBuildPhase section */

/* Begin PBXSourcesBuildPhase section */
		042F07DA16BC19DB00A0CE9E /* Sources */ = {
			isa = PBXSourcesBuildPhase;
			buildActionMask = 2147483647;
			files = (
				04B68CBA17A57351006760D0 /* SourceListItem.m in Sources */,
				0481386B16CA8DA100E682A0 /* MASPreferencesWindowController.m in Sources */,
				046C9BD316C168880003AD64 /* FMDatabase.m in Sources */,
				046C9BD516C168880003AD64 /* FMDatabaseAdditions.m in Sources */,
				046C9BD716C168880003AD64 /* FMDatabasePool.m in Sources */,
				046C9BD916C168880003AD64 /* FMDatabaseQueue.m in Sources */,
				046C9BDB16C168880003AD64 /* FMResultSet.m in Sources */,
				042F081216BD649800A0CE9E /* EMKeychainItem.m in Sources */,
				042F080F16BD646000A0CE9E /* ITApi.m in Sources */,
				042F081016BD646000A0CE9E /* ITVideo.m in Sources */,
				042F081116BD646000A0CE9E /* ITTVShow.m in Sources */,
				042F07EF16BC19DB00A0CE9E /* main.m in Sources */,
				042F07F616BC19DB00A0CE9E /* AppDelegate.m in Sources */,
				049C48BE16C0223B00CC9A0E /* ITMovie.m in Sources */,
				046C9BBA16C159BA0003AD64 /* ITLibrary.m in Sources */,
				0481386A16CA8C6000E682A0 /* PrefIndexViewController.m in Sources */,
				0469CC0016CBE010006863B7 /* IMDB.m in Sources */,
				0469CC1616CBF19F006863B7 /* NSString+Helper.m in Sources */,
				04162D2617DFC90A0086EFB0 /* NSData+Additions.m in Sources */,
				0469CC1A16CBF19F006863B7 /* TVDbClient.m in Sources */,
				0469CC1B16CBF19F006863B7 /* TVDbEpisode.m in Sources */,
				0469CC1C16CBF19F006863B7 /* TVDbImage.m in Sources */,
				0469CC1D16CBF19F006863B7 /* TVDbShow.m in Sources */,
				0469CC1E16CBF19F006863B7 /* TVDbUpdater.m in Sources */,
				0469CC1F16CBF19F006863B7 /* XMLReader.m in Sources */,
				0469CC2216CD8CEA006863B7 /* ITTVdb.m in Sources */,
				04714E2816D2C59900A308F7 /* ITConfig.m in Sources */,
				048DF1F616DEBF55004B064A /* PrefSyncViewController.m in Sources */,
				048DF1FC16DECC99004B064A /* PrefUpdateViewController.m in Sources */,
				048DF20116DFEE69004B064A /* ITNotification.m in Sources */,
				04B68CA917A5600D006760D0 /* MainWindowController.m in Sources */,
				04B68CB317A56E20006760D0 /* PXSourceList.m in Sources */,
				04B68CEC17A5BE65006760D0 /* HttpClientHelper.m in Sources */,
				04B68CED17A5BE65006760D0 /* BaseRequest.m in Sources */,
				04B68CEE17A5BE65006760D0 /* BodyRequest.m in Sources */,
				04B68CEF17A5BE65006760D0 /* MultipartRequest.m in Sources */,
				04B68CF017A5BE65006760D0 /* SimpleRequest.m in Sources */,
				04B68CF117A5BE65006760D0 /* HttpRequest.m in Sources */,
				04B68CF217A5BE65006760D0 /* HttpRequestWithBody.m in Sources */,
				04B68CF317A5BE65006760D0 /* HttpBinaryResponse.m in Sources */,
				04B68CF417A5BE65006760D0 /* HttpJsonResponse.m in Sources */,
				04B68CF517A5BE65006760D0 /* HttpResponse.m in Sources */,
				04B68CF617A5BE65006760D0 /* HttpStringResponse.m in Sources */,
				04B68CF717A5BE65006760D0 /* JsonNode.m in Sources */,
				04B68CF817A5BE65006760D0 /* Unirest.m in Sources */,
				04AB88D317A70F270086D5CD /* ITHistoryView.m in Sources */,
				04BCC5E417B03DBB00D8DE7A /* ITHistory.m in Sources */,
				04BCC5EF17B1879300D8DE7A /* ITDb.m in Sources */,
				04BCC5F217B1885A00D8DE7A /* ITConstants.m in Sources */,
				04A9FE5017B43A69006CD129 /* ITMoviePoster.m in Sources */,
				04A9FE5317B43E0C006CD129 /* NSImage+MGCropExtensions.m in Sources */,
				04A9FE5617B448C7006CD129 /* ITUtil.m in Sources */,
				04AB5F1F17C56A3200A2B1AC /* ITHistoryTableCellView.m in Sources */,
				04D74BB617C7AC5700B135BF /* ITTableRowView.m in Sources */,
				04D74BC717CB49FE00B135BF /* ITTVShowPoster.m in Sources */,
				04D74BCA17CBA18C00B135BF /* ITSync.m in Sources */,
				0441839D17D0EDB800F9FCA2 /* ITEpisodeScreen.m in Sources */,
				04B5BE7317D5266F001F0705 /* ITErrors.m in Sources */,
				04B5BE7617D53081001F0705 /* ITErrorTableCellView.m in Sources */,
				04B5BE7B17D5401B001F0705 /* ITToolbar.m in Sources */,
				047D985417D67285002E97B8 /* ITTableRowGroupView.m in Sources */,
				047D985817D67ED7002E97B8 /* ProgressWindowController.m in Sources */,
				040CA4F217EDED67007B9076 /* ITErrorView.m in Sources */,
				044AC42817F0DAF30045D281 /* ITTableGroupDateCellView.m in Sources */,
			);
			runOnlyForDeploymentPostprocessing = 0;
		};
/* End PBXSourcesBuildPhase section */

/* Begin PBXVariantGroup section */
		042F07EB16BC19DB00A0CE9E /* InfoPlist.strings */ = {
			isa = PBXVariantGroup;
			children = (
				042F07EC16BC19DB00A0CE9E /* en */,
			);
			name = InfoPlist.strings;
			sourceTree = "<group>";
		};
		042F07F116BC19DB00A0CE9E /* Credits.rtf */ = {
			isa = PBXVariantGroup;
			children = (
				042F07F216BC19DB00A0CE9E /* en */,
			);
			name = Credits.rtf;
			sourceTree = "<group>";
		};
		042F07F716BC19DB00A0CE9E /* MainMenu.xib */ = {
			isa = PBXVariantGroup;
			children = (
				042F07F816BC19DB00A0CE9E /* en */,
			);
			name = MainMenu.xib;
			sourceTree = "<group>";
		};
		043942B617D076F2009C160F /* Localizable.strings */ = {
			isa = PBXVariantGroup;
			children = (
				043942B517D076F2009C160F /* en */,
			);
			name = Localizable.strings;
			sourceTree = "<group>";
		};
		043942BD17D07B92009C160F /* Localizable.strings */ = {
			isa = PBXVariantGroup;
			children = (
				043942BE17D07B92009C160F /* nl */,
			);
			name = Localizable.strings;
			sourceTree = "<group>";
		};
		043942C317D07D74009C160F /* MainWindowController.xib */ = {
			isa = PBXVariantGroup;
			children = (
				043942C417D07D74009C160F /* en */,
			);
			name = MainWindowController.xib;
			sourceTree = "<group>";
		};
/* End PBXVariantGroup section */

/* Begin XCBuildConfiguration section */
		042F07FA16BC19DB00A0CE9E /* Debug */ = {
			isa = XCBuildConfiguration;
			buildSettings = {
				ALWAYS_SEARCH_USER_PATHS = NO;
				ARCHS = "$(ARCHS_STANDARD_64_BIT)";
				CLANG_CXX_LANGUAGE_STANDARD = "gnu++0x";
				CLANG_CXX_LIBRARY = "libc++";
				CLANG_ENABLE_OBJC_ARC = YES;
				CLANG_WARN_EMPTY_BODY = YES;
				CLANG_WARN__DUPLICATE_METHOD_MATCH = YES;
				COPY_PHASE_STRIP = NO;
				GCC_C_LANGUAGE_STANDARD = gnu99;
				GCC_DYNAMIC_NO_PIC = NO;
				GCC_ENABLE_OBJC_EXCEPTIONS = YES;
				GCC_OPTIMIZATION_LEVEL = 0;
				GCC_PREPROCESSOR_DEFINITIONS = (
					"DEBUG=1",
					"$(inherited)",
				);
				GCC_SYMBOLS_PRIVATE_EXTERN = NO;
				GCC_WARN_64_TO_32_BIT_CONVERSION = YES;
				GCC_WARN_ABOUT_RETURN_TYPE = YES;
				GCC_WARN_UNINITIALIZED_AUTOS = YES;
				GCC_WARN_UNUSED_VARIABLE = YES;
				HEADER_SEARCH_PATHS = "";
				MACOSX_DEPLOYMENT_TARGET = 10.8;
				ONLY_ACTIVE_ARCH = YES;
				SDKROOT = macosx;
			};
			name = Debug;
		};
		042F07FB16BC19DB00A0CE9E /* Release */ = {
			isa = XCBuildConfiguration;
			buildSettings = {
				ALWAYS_SEARCH_USER_PATHS = NO;
				ARCHS = "$(ARCHS_STANDARD_64_BIT)";
				CLANG_CXX_LANGUAGE_STANDARD = "gnu++0x";
				CLANG_CXX_LIBRARY = "libc++";
				CLANG_ENABLE_OBJC_ARC = YES;
				CLANG_WARN_EMPTY_BODY = YES;
				CLANG_WARN__DUPLICATE_METHOD_MATCH = YES;
				COPY_PHASE_STRIP = YES;
				DEBUG_INFORMATION_FORMAT = "dwarf-with-dsym";
				GCC_C_LANGUAGE_STANDARD = gnu99;
				GCC_ENABLE_OBJC_EXCEPTIONS = YES;
				GCC_WARN_64_TO_32_BIT_CONVERSION = YES;
				GCC_WARN_ABOUT_RETURN_TYPE = YES;
				GCC_WARN_UNINITIALIZED_AUTOS = YES;
				GCC_WARN_UNUSED_VARIABLE = YES;
				HEADER_SEARCH_PATHS = "";
				MACOSX_DEPLOYMENT_TARGET = 10.8;
				SDKROOT = macosx;
			};
			name = Release;
		};
		042F07FD16BC19DB00A0CE9E /* Debug */ = {
			isa = XCBuildConfiguration;
			buildSettings = {
				ARCHS = "$(ARCHS_STANDARD_64_BIT)";
				COMBINE_HIDPI_IMAGES = YES;
				FRAMEWORK_SEARCH_PATHS = (
					"$(inherited)",
					"\"$(SRCROOT)\"",
					"\"$(SRCROOT)/..\"",
					"\"$(SRCROOT)/Traktable\"",
				);
				GCC_PRECOMPILE_PREFIX_HEADER = YES;
				GCC_PREFIX_HEADER = "Traktable/Traktable-Prefix.pch";
				INFOPLIST_FILE = "Traktable/Traktable-Info.plist";
				LIBRARY_SEARCH_PATHS = (
					"$(inherited)",
					"\"$(SRCROOT)/Traktable\"",
				);
				MACOSX_DEPLOYMENT_TARGET = 10.7;
				PRODUCT_NAME = Traktable;
				WRAPPER_EXTENSION = app;
			};
			name = Debug;
		};
		042F07FE16BC19DB00A0CE9E /* Release */ = {
			isa = XCBuildConfiguration;
			buildSettings = {
				ARCHS = "$(ARCHS_STANDARD_64_BIT)";
				COMBINE_HIDPI_IMAGES = YES;
				FRAMEWORK_SEARCH_PATHS = (
					"$(inherited)",
					"\"$(SRCROOT)\"",
					"\"$(SRCROOT)/..\"",
					"\"$(SRCROOT)/Traktable\"",
				);
				GCC_PRECOMPILE_PREFIX_HEADER = YES;
				GCC_PREFIX_HEADER = "Traktable/Traktable-Prefix.pch";
				INFOPLIST_FILE = "Traktable/Traktable-Info.plist";
				LIBRARY_SEARCH_PATHS = (
					"$(inherited)",
					"\"$(SRCROOT)/Traktable\"",
				);
				MACOSX_DEPLOYMENT_TARGET = 10.7;
				PRODUCT_NAME = Traktable;
				WRAPPER_EXTENSION = app;
			};
			name = Release;
		};
/* End XCBuildConfiguration section */

/* Begin XCConfigurationList section */
		042F07D816BC19DB00A0CE9E /* Build configuration list for PBXProject "Traktable" */ = {
			isa = XCConfigurationList;
			buildConfigurations = (
				042F07FA16BC19DB00A0CE9E /* Debug */,
				042F07FB16BC19DB00A0CE9E /* Release */,
			);
			defaultConfigurationIsVisible = 0;
			defaultConfigurationName = Release;
		};
		042F07FC16BC19DB00A0CE9E /* Build configuration list for PBXNativeTarget "Traktable" */ = {
			isa = XCConfigurationList;
			buildConfigurations = (
				042F07FD16BC19DB00A0CE9E /* Debug */,
				042F07FE16BC19DB00A0CE9E /* Release */,
			);
			defaultConfigurationIsVisible = 0;
			defaultConfigurationName = Release;
		};
/* End XCConfigurationList section */
	};
	rootObject = 042F07D516BC19DB00A0CE9E /* Project object */;
}
